
Microsoft Visual Studio Solution File, Format Version 12.00
# Visual Studio Version 17
VisualStudioVersion = 17.13.35828.75 d17.13
MinimumVisualStudioVersion = 10.0.40219.1
Project("{FAE04EC0-301F-11D3-BF4B-00C04F79EFBC}") = "BasicASPTutorial", "BasicASPTutorial\BasicASPTutorial.csproj", "{D736B8E0-C308-4A5D-AFF1-694D3E5827BB}"
EndProject
Global
	GlobalSection(SolutionConfigurationPlatforms) = preSolution
		Debug|Any CPU = Debug|Any CPU
		Release|Any CPU = Release|Any CPU
	EndGlobalSection
	GlobalSection(ProjectConfigurationPlatforms) = postSolution
		{D736B8E0-C308-4A5D-AFF1-694D3E5827BB}.Debug|Any CPU.ActiveCfg = Debug|Any CPU
		{D736B8E0-C308-4A5D-AFF1-694D3E5827BB}.Debug|Any CPU.Build.0 = Debug|Any CPU
		{D736B8E0-C308-4A5D-AFF1-694D3E5827BB}.Release|Any CPU.ActiveCfg = Release|Any CPU
		{D736B8E0-C308-4A5D-AFF1-694D3E5827BB}.Release|Any CPU.Build.0 = Release|Any CPU
	EndGlobalSection
	GlobalSection(SolutionProperties) = preSolution
		HideSolutionNode = FALSE
	EndGlobalSection
	GlobalSection(ExtensibilityGlobals) = postSolution
		SolutionGuid = {1102D1C1-5C30-4D4E-8036-9AC9C5F15F27}
	EndGlobalSection
EndGlobal
